
Microsoft Visual Studio Solution File, Format Version 12.00
# Visual Studio Version 17
VisualStudioVersion = 17.11.35327.3
MinimumVisualStudioVersion = 10.0.40219.1
Project("{2150E333-8FDC-42A3-9474-1A3956D46DE8}") = "SlidesService", "SlidesService", "{07573A22-435F-4CDE-9769-9FDDE61DF157}"
EndProject
Project("{2150E333-8FDC-42A3-9474-1A3956D46DE8}") = "ExamService", "ExamService", "{8A6D4F2E-9C5B-4D3E-A7F1-2B8E9D4C6F3A}"
EndProject
Project("{2150E333-8FDC-42A3-9474-1A3956D46DE8}") = "TemplateService", "TemplateService", "{9B7E5F3D-0A8C-4E6B-B2D9-3F7A8E5C6D4B}"
EndProject
Project("{2150E333-8FDC-42A3-9474-1A3956D46DE8}") = "services", "services", "{BE2CBA93-72C9-4952-83D5-B89F5A002B94}"
EndProject
Project("{2150E333-8FDC-42A3-9474-1A3956D46DE8}") = "shared", "shared", "{1723D6A0-41EE-4426-93F4-885035EDFC92}"
EndProject
Project("{9A19103F-16F7-4668-BE54-9A1E7A4F7556}") = "RoboChemist.SlidesService.API", "services\SlidesService\RoboChemist.SlidesService.API\RoboChemist.SlidesService.API.csproj", "{B98AA162-2BA1-556F-E314-E90ADCFE2501}"
EndProject
Project("{9A19103F-16F7-4668-BE54-9A1E7A4F7556}") = "RoboChemist.SlidesService.Model", "services\SlidesService\RoboChemist.SlidesService.Model\RoboChemist.SlidesService.Model.csproj", "{B4328758-A3F9-634F-FBD6-568497BD9963}"
EndProject
Project("{9A19103F-16F7-4668-BE54-9A1E7A4F7556}") = "RoboChemist.SlidesService.Repository", "services\SlidesService\RoboChemist.SlidesService.Repository\RoboChemist.SlidesService.Repository.csproj", "{BBCE2FFF-6A4A-B181-D678-4BA727A46709}"
EndProject
Project("{9A19103F-16F7-4668-BE54-9A1E7A4F7556}") = "RoboChemist.SlidesService.Service", "services\SlidesService\RoboChemist.SlidesService.Service\RoboChemist.SlidesService.Service.csproj", "{CF7229A7-45B4-757C-D580-AEDCAB527127}"
EndProject
Project("{2150E333-8FDC-42A3-9474-1A3956D46DE8}") = "WalletService", "WalletService", "{02EA681E-C7D8-13C7-8484-4AC65E1B71E8}"
EndProject
Project("{9A19103F-16F7-4668-BE54-9A1E7A4F7556}") = "RoboChemist.WalletService.Model", "services\WalletService\RoboChemist.WalletService.Model\RoboChemist.WalletService.Model.csproj", "{0D1EFFC5-9FA8-458F-98B4-D98BDB960AE0}"
EndProject
Project("{9A19103F-16F7-4668-BE54-9A1E7A4F7556}") = "RoboChemist.WalletService.Repository", "services\WalletService\RoboChemist.WalletService.Repository\RoboChemist.WalletService.Repository.csproj", "{FCF35830-E275-461E-8F9F-A9356B8A563A}"
EndProject
Project("{9A19103F-16F7-4668-BE54-9A1E7A4F7556}") = "RoboChemist.WalletService.Service", "services\WalletService\RoboChemist.WalletService.Service\RoboChemist.WalletService.Service.csproj", "{6A299DA9-15C2-4D03-94CB-B95D94D19C23}"
EndProject
Project("{9A19103F-16F7-4668-BE54-9A1E7A4F7556}") = "RoboChemist.WalletService.API", "services\WalletService\RoboChemist.WalletService.API\RoboChemist.WalletService.API.csproj", "{C2333AA8-43A3-43B1-8B59-01183EC197C7}"
EndProject
Project("{9A19103F-16F7-4668-BE54-9A1E7A4F7556}") = "RoboChemist.Shared.Common", "shared\RoboChemist.Shared.Common\RoboChemist.Shared.Common.csproj", "{0A134375-5721-4840-9A3B-BE89E5D9BD65}"
EndProject
Project("{9A19103F-16F7-4668-BE54-9A1E7A4F7556}") = "RoboChemist.Shared.DTOs", "shared\RoboChemist.Shared.DTOs\RoboChemist.Shared.DTOs.csproj", "{CC2D2131-2038-4B07-852B-355BF477F874}"
EndProject
Project("{9A19103F-16F7-4668-BE54-9A1E7A4F7556}") = "RoboChemist.ExamService.API", "services\ExamService\RoboChemist.ExamService.API\RoboChemist.ExamService.API.csproj", "{E1A2B3C4-5D6E-7F89-0A1B-2C3D4E5F6789}"
EndProject
Project("{9A19103F-16F7-4668-BE54-9A1E7A4F7556}") = "RoboChemist.ExamService.Model", "services\ExamService\RoboChemist.ExamService.Model\RoboChemist.ExamService.Model.csproj", "{F2B3C4D5-6E7F-8901-A2B3-C4D5E6F78901}"
EndProject
Project("{9A19103F-16F7-4668-BE54-9A1E7A4F7556}") = "RoboChemist.ExamService.Repository", "services\ExamService\RoboChemist.ExamService.Repository\RoboChemist.ExamService.Repository.csproj", "{A3B4C5D6-7E8F-9012-3A4B-5C6D7E8F9012}"
EndProject
Project("{9A19103F-16F7-4668-BE54-9A1E7A4F7556}") = "RoboChemist.ExamService.Service", "services\ExamService\RoboChemist.ExamService.Service\RoboChemist.ExamService.Service.csproj", "{B4C5D6E7-8F90-1234-5B6C-7D8E9F012345}"
EndProject
Project("{2150E333-8FDC-42A3-9474-1A3956D46DE8}") = "Solution Items", "Solution Items", "{D454E8FA-7B5F-4217-860D-EE825044B07C}"
	ProjectSection(SolutionItems) = preProject
		.env = .env
	EndProjectSection
EndProject
Project("{9A19103F-16F7-4668-BE54-9A1E7A4F7556}") = "RoboChemist.TemplateService.API", "services\TemplateService\RoboChemist.TemplateService.API\RoboChemist.TemplateService.API.csproj", "{C5D6E7F8-9012-3456-7890-1A2B3C4D5E6F}"
EndProject
Project("{9A19103F-16F7-4668-BE54-9A1E7A4F7556}") = "RoboChemist.TemplateService.Model", "services\TemplateService\RoboChemist.TemplateService.Model\RoboChemist.TemplateService.Model.csproj", "{D6E7F890-1234-5678-9012-3A4B5C6D7E8F}"
EndProject
Project("{9A19103F-16F7-4668-BE54-9A1E7A4F7556}") = "RoboChemist.TemplateService.Repository", "services\TemplateService\RoboChemist.TemplateService.Repository\RoboChemist.TemplateService.Repository.csproj", "{E7F89012-3456-7890-1234-5A6B7C8D9E0F}"
EndProject
Project("{9A19103F-16F7-4668-BE54-9A1E7A4F7556}") = "RoboChemist.TemplateService.Service", "services\TemplateService\RoboChemist.TemplateService.Service\RoboChemist.TemplateService.Service.csproj", "{F8901234-5678-9012-3456-7A8B9C0D1E2F}"
EndProject
Project("{2150E333-8FDC-42A3-9474-1A3956D46DE8}") = "AuthService", "AuthService", "{1AEA77BD-CDB3-419A-9869-41AF7EADAAEC}"
EndProject
Project("{FAE04EC0-301F-11D3-BF4B-00C04F79EFBC}") = "RoboChemist.AuthService.Model", "RoboChemist.AuthService.Model\RoboChemist.AuthService.Model.csproj", "{2A3C4BE5-36E8-42BD-8532-E81A4DC5DCB4}"
EndProject
Project("{FAE04EC0-301F-11D3-BF4B-00C04F79EFBC}") = "RoboChemist.AuthService.Repository", "RoboChemist.AuthService.Repository\RoboChemist.AuthService.Repository.csproj", "{C7F4A0BE-1C7D-44F4-95AC-392FEEB15ACA}"
	ProjectSection(ProjectDependencies) = postProject
		{2A3C4BE5-36E8-42BD-8532-E81A4DC5DCB4} = {2A3C4BE5-36E8-42BD-8532-E81A4DC5DCB4}
		{437988CA-EDEF-4FA0-9C8B-282D86523D20} = {437988CA-EDEF-4FA0-9C8B-282D86523D20}
		{9E9A02B1-BE61-4D67-AC4C-539E92152C93} = {9E9A02B1-BE61-4D67-AC4C-539E92152C93}
	EndProjectSection
EndProject
Project("{FAE04EC0-301F-11D3-BF4B-00C04F79EFBC}") = "RoboChemist.AuthService.Service", "RoboChemist.AuthService.Service\RoboChemist.AuthService.Service.csproj", "{437988CA-EDEF-4FA0-9C8B-282D86523D20}"
EndProject
Project("{FAE04EC0-301F-11D3-BF4B-00C04F79EFBC}") = "RoboChemist.AuthService.API", "RoboChemist.AuthService.API\RoboChemist.AuthService.API.csproj", "{9E9A02B1-BE61-4D67-AC4C-539E92152C93}"
EndProject
Global
	GlobalSection(SolutionConfigurationPlatforms) = preSolution
		Debug|Any CPU = Debug|Any CPU
		Release|Any CPU = Release|Any CPU
	EndGlobalSection
	GlobalSection(ProjectConfigurationPlatforms) = postSolution
		{B98AA162-2BA1-556F-E314-E90ADCFE2501}.Debug|Any CPU.ActiveCfg = Debug|Any CPU
		{B98AA162-2BA1-556F-E314-E90ADCFE2501}.Debug|Any CPU.Build.0 = Debug|Any CPU
		{B98AA162-2BA1-556F-E314-E90ADCFE2501}.Release|Any CPU.ActiveCfg = Release|Any CPU
		{B98AA162-2BA1-556F-E314-E90ADCFE2501}.Release|Any CPU.Build.0 = Release|Any CPU
		{B4328758-A3F9-634F-FBD6-568497BD9963}.Debug|Any CPU.ActiveCfg = Debug|Any CPU
		{B4328758-A3F9-634F-FBD6-568497BD9963}.Debug|Any CPU.Build.0 = Debug|Any CPU
		{B4328758-A3F9-634F-FBD6-568497BD9963}.Release|Any CPU.ActiveCfg = Release|Any CPU
		{B4328758-A3F9-634F-FBD6-568497BD9963}.Release|Any CPU.Build.0 = Release|Any CPU
		{BBCE2FFF-6A4A-B181-D678-4BA727A46709}.Debug|Any CPU.ActiveCfg = Debug|Any CPU
		{BBCE2FFF-6A4A-B181-D678-4BA727A46709}.Debug|Any CPU.Build.0 = Debug|Any CPU
		{BBCE2FFF-6A4A-B181-D678-4BA727A46709}.Release|Any CPU.ActiveCfg = Release|Any CPU
		{BBCE2FFF-6A4A-B181-D678-4BA727A46709}.Release|Any CPU.Build.0 = Release|Any CPU
		{CF7229A7-45B4-757C-D580-AEDCAB527127}.Debug|Any CPU.ActiveCfg = Debug|Any CPU
		{CF7229A7-45B4-757C-D580-AEDCAB527127}.Debug|Any CPU.Build.0 = Debug|Any CPU
		{CF7229A7-45B4-757C-D580-AEDCAB527127}.Release|Any CPU.ActiveCfg = Release|Any CPU
		{CF7229A7-45B4-757C-D580-AEDCAB527127}.Release|Any CPU.Build.0 = Release|Any CPU
		{0D1EFFC5-9FA8-458F-98B4-D98BDB960AE0}.Debug|Any CPU.ActiveCfg = Debug|Any CPU
		{0D1EFFC5-9FA8-458F-98B4-D98BDB960AE0}.Debug|Any CPU.Build.0 = Debug|Any CPU
		{0D1EFFC5-9FA8-458F-98B4-D98BDB960AE0}.Release|Any CPU.ActiveCfg = Release|Any CPU
		{0D1EFFC5-9FA8-458F-98B4-D98BDB960AE0}.Release|Any CPU.Build.0 = Release|Any CPU
		{FCF35830-E275-461E-8F9F-A9356B8A563A}.Debug|Any CPU.ActiveCfg = Debug|Any CPU
		{FCF35830-E275-461E-8F9F-A9356B8A563A}.Debug|Any CPU.Build.0 = Debug|Any CPU
		{FCF35830-E275-461E-8F9F-A9356B8A563A}.Release|Any CPU.ActiveCfg = Release|Any CPU
		{FCF35830-E275-461E-8F9F-A9356B8A563A}.Release|Any CPU.Build.0 = Release|Any CPU
		{6A299DA9-15C2-4D03-94CB-B95D94D19C23}.Debug|Any CPU.ActiveCfg = Debug|Any CPU
		{6A299DA9-15C2-4D03-94CB-B95D94D19C23}.Debug|Any CPU.Build.0 = Debug|Any CPU
		{6A299DA9-15C2-4D03-94CB-B95D94D19C23}.Release|Any CPU.ActiveCfg = Release|Any CPU
		{6A299DA9-15C2-4D03-94CB-B95D94D19C23}.Release|Any CPU.Build.0 = Release|Any CPU
		{C2333AA8-43A3-43B1-8B59-01183EC197C7}.Debug|Any CPU.ActiveCfg = Debug|Any CPU
		{C2333AA8-43A3-43B1-8B59-01183EC197C7}.Debug|Any CPU.Build.0 = Debug|Any CPU
		{C2333AA8-43A3-43B1-8B59-01183EC197C7}.Release|Any CPU.ActiveCfg = Release|Any CPU
		{C2333AA8-43A3-43B1-8B59-01183EC197C7}.Release|Any CPU.Build.0 = Release|Any CPU
		{0A134375-5721-4840-9A3B-BE89E5D9BD65}.Debug|Any CPU.ActiveCfg = Debug|Any CPU
		{0A134375-5721-4840-9A3B-BE89E5D9BD65}.Debug|Any CPU.Build.0 = Debug|Any CPU
		{0A134375-5721-4840-9A3B-BE89E5D9BD65}.Release|Any CPU.ActiveCfg = Release|Any CPU
		{0A134375-5721-4840-9A3B-BE89E5D9BD65}.Release|Any CPU.Build.0 = Release|Any CPU
		{CC2D2131-2038-4B07-852B-355BF477F874}.Debug|Any CPU.ActiveCfg = Debug|Any CPU
		{CC2D2131-2038-4B07-852B-355BF477F874}.Debug|Any CPU.Build.0 = Debug|Any CPU
		{CC2D2131-2038-4B07-852B-355BF477F874}.Release|Any CPU.ActiveCfg = Release|Any CPU
		{CC2D2131-2038-4B07-852B-355BF477F874}.Release|Any CPU.Build.0 = Release|Any CPU
		{E1A2B3C4-5D6E-7F89-0A1B-2C3D4E5F6789}.Debug|Any CPU.ActiveCfg = Debug|Any CPU
		{E1A2B3C4-5D6E-7F89-0A1B-2C3D4E5F6789}.Debug|Any CPU.Build.0 = Debug|Any CPU
		{E1A2B3C4-5D6E-7F89-0A1B-2C3D4E5F6789}.Release|Any CPU.ActiveCfg = Release|Any CPU
		{E1A2B3C4-5D6E-7F89-0A1B-2C3D4E5F6789}.Release|Any CPU.Build.0 = Release|Any CPU
		{F2B3C4D5-6E7F-8901-A2B3-C4D5E6F78901}.Debug|Any CPU.ActiveCfg = Debug|Any CPU
		{F2B3C4D5-6E7F-8901-A2B3-C4D5E6F78901}.Debug|Any CPU.Build.0 = Debug|Any CPU
		{F2B3C4D5-6E7F-8901-A2B3-C4D5E6F78901}.Release|Any CPU.ActiveCfg = Release|Any CPU
		{F2B3C4D5-6E7F-8901-A2B3-C4D5E6F78901}.Release|Any CPU.Build.0 = Release|Any CPU
		{A3B4C5D6-7E8F-9012-3A4B-5C6D7E8F9012}.Debug|Any CPU.ActiveCfg = Debug|Any CPU
		{A3B4C5D6-7E8F-9012-3A4B-5C6D7E8F9012}.Debug|Any CPU.Build.0 = Debug|Any CPU
		{A3B4C5D6-7E8F-9012-3A4B-5C6D7E8F9012}.Release|Any CPU.ActiveCfg = Release|Any CPU
		{A3B4C5D6-7E8F-9012-3A4B-5C6D7E8F9012}.Release|Any CPU.Build.0 = Release|Any CPU
		{B4C5D6E7-8F90-1234-5B6C-7D8E9F012345}.Debug|Any CPU.ActiveCfg = Debug|Any CPU
		{B4C5D6E7-8F90-1234-5B6C-7D8E9F012345}.Debug|Any CPU.Build.0 = Debug|Any CPU
		{B4C5D6E7-8F90-1234-5B6C-7D8E9F012345}.Release|Any CPU.ActiveCfg = Release|Any CPU
		{B4C5D6E7-8F90-1234-5B6C-7D8E9F012345}.Release|Any CPU.Build.0 = Release|Any CPU
		{C5D6E7F8-9012-3456-7890-1A2B3C4D5E6F}.Debug|Any CPU.ActiveCfg = Debug|Any CPU
		{C5D6E7F8-9012-3456-7890-1A2B3C4D5E6F}.Debug|Any CPU.Build.0 = Debug|Any CPU
		{C5D6E7F8-9012-3456-7890-1A2B3C4D5E6F}.Release|Any CPU.ActiveCfg = Release|Any CPU
		{C5D6E7F8-9012-3456-7890-1A2B3C4D5E6F}.Release|Any CPU.Build.0 = Release|Any CPU
		{D6E7F890-1234-5678-9012-3A4B5C6D7E8F}.Debug|Any CPU.ActiveCfg = Debug|Any CPU
		{D6E7F890-1234-5678-9012-3A4B5C6D7E8F}.Debug|Any CPU.Build.0 = Debug|Any CPU
		{D6E7F890-1234-5678-9012-3A4B5C6D7E8F}.Release|Any CPU.ActiveCfg = Release|Any CPU
		{D6E7F890-1234-5678-9012-3A4B5C6D7E8F}.Release|Any CPU.Build.0 = Release|Any CPU
		{E7F89012-3456-7890-1234-5A6B7C8D9E0F}.Debug|Any CPU.ActiveCfg = Debug|Any CPU
		{E7F89012-3456-7890-1234-5A6B7C8D9E0F}.Debug|Any CPU.Build.0 = Debug|Any CPU
		{E7F89012-3456-7890-1234-5A6B7C8D9E0F}.Release|Any CPU.ActiveCfg = Release|Any CPU
		{E7F89012-3456-7890-1234-5A6B7C8D9E0F}.Release|Any CPU.Build.0 = Release|Any CPU
		{F8901234-5678-9012-3456-7A8B9C0D1E2F}.Debug|Any CPU.ActiveCfg = Debug|Any CPU
		{F8901234-5678-9012-3456-7A8B9C0D1E2F}.Debug|Any CPU.Build.0 = Debug|Any CPU
		{F8901234-5678-9012-3456-7A8B9C0D1E2F}.Release|Any CPU.ActiveCfg = Release|Any CPU
		{F8901234-5678-9012-3456-7A8B9C0D1E2F}.Release|Any CPU.Build.0 = Release|Any CPU
		{2A3C4BE5-36E8-42BD-8532-E81A4DC5DCB4}.Debug|Any CPU.ActiveCfg = Debug|Any CPU
		{2A3C4BE5-36E8-42BD-8532-E81A4DC5DCB4}.Debug|Any CPU.Build.0 = Debug|Any CPU
		{2A3C4BE5-36E8-42BD-8532-E81A4DC5DCB4}.Release|Any CPU.ActiveCfg = Release|Any CPU
		{2A3C4BE5-36E8-42BD-8532-E81A4DC5DCB4}.Release|Any CPU.Build.0 = Release|Any CPU
		{C7F4A0BE-1C7D-44F4-95AC-392FEEB15ACA}.Debug|Any CPU.ActiveCfg = Debug|Any CPU
		{C7F4A0BE-1C7D-44F4-95AC-392FEEB15ACA}.Debug|Any CPU.Build.0 = Debug|Any CPU
		{C7F4A0BE-1C7D-44F4-95AC-392FEEB15ACA}.Release|Any CPU.ActiveCfg = Release|Any CPU
		{C7F4A0BE-1C7D-44F4-95AC-392FEEB15ACA}.Release|Any CPU.Build.0 = Release|Any CPU
		{437988CA-EDEF-4FA0-9C8B-282D86523D20}.Debug|Any CPU.ActiveCfg = Debug|Any CPU
		{437988CA-EDEF-4FA0-9C8B-282D86523D20}.Debug|Any CPU.Build.0 = Debug|Any CPU
		{437988CA-EDEF-4FA0-9C8B-282D86523D20}.Release|Any CPU.ActiveCfg = Release|Any CPU
		{437988CA-EDEF-4FA0-9C8B-282D86523D20}.Release|Any CPU.Build.0 = Release|Any CPU
		{9E9A02B1-BE61-4D67-AC4C-539E92152C93}.Debug|Any CPU.ActiveCfg = Debug|Any CPU
		{9E9A02B1-BE61-4D67-AC4C-539E92152C93}.Debug|Any CPU.Build.0 = Debug|Any CPU
		{9E9A02B1-BE61-4D67-AC4C-539E92152C93}.Release|Any CPU.ActiveCfg = Release|Any CPU
		{9E9A02B1-BE61-4D67-AC4C-539E92152C93}.Release|Any CPU.Build.0 = Release|Any CPU
	EndGlobalSection
	GlobalSection(SolutionProperties) = preSolution
		HideSolutionNode = FALSE
	EndGlobalSection
	GlobalSection(NestedProjects) = preSolution
		{07573A22-435F-4CDE-9769-9FDDE61DF157} = {BE2CBA93-72C9-4952-83D5-B89F5A002B94}
		{8A6D4F2E-9C5B-4D3E-A7F1-2B8E9D4C6F3A} = {BE2CBA93-72C9-4952-83D5-B89F5A002B94}
		{9B7E5F3D-0A8C-4E6B-B2D9-3F7A8E5C6D4B} = {BE2CBA93-72C9-4952-83D5-B89F5A002B94}
		{B98AA162-2BA1-556F-E314-E90ADCFE2501} = {07573A22-435F-4CDE-9769-9FDDE61DF157}
		{B4328758-A3F9-634F-FBD6-568497BD9963} = {07573A22-435F-4CDE-9769-9FDDE61DF157}
		{BBCE2FFF-6A4A-B181-D678-4BA727A46709} = {07573A22-435F-4CDE-9769-9FDDE61DF157}
		{CF7229A7-45B4-757C-D580-AEDCAB527127} = {07573A22-435F-4CDE-9769-9FDDE61DF157}
		{02EA681E-C7D8-13C7-8484-4AC65E1B71E8} = {BE2CBA93-72C9-4952-83D5-B89F5A002B94}
		{0D1EFFC5-9FA8-458F-98B4-D98BDB960AE0} = {02EA681E-C7D8-13C7-8484-4AC65E1B71E8}
		{FCF35830-E275-461E-8F9F-A9356B8A563A} = {02EA681E-C7D8-13C7-8484-4AC65E1B71E8}
		{6A299DA9-15C2-4D03-94CB-B95D94D19C23} = {02EA681E-C7D8-13C7-8484-4AC65E1B71E8}
		{C2333AA8-43A3-43B1-8B59-01183EC197C7} = {02EA681E-C7D8-13C7-8484-4AC65E1B71E8}
		{0A134375-5721-4840-9A3B-BE89E5D9BD65} = {1723D6A0-41EE-4426-93F4-885035EDFC92}
		{CC2D2131-2038-4B07-852B-355BF477F874} = {1723D6A0-41EE-4426-93F4-885035EDFC92}
		{E1A2B3C4-5D6E-7F89-0A1B-2C3D4E5F6789} = {8A6D4F2E-9C5B-4D3E-A7F1-2B8E9D4C6F3A}
		{F2B3C4D5-6E7F-8901-A2B3-C4D5E6F78901} = {8A6D4F2E-9C5B-4D3E-A7F1-2B8E9D4C6F3A}
		{A3B4C5D6-7E8F-9012-3A4B-5C6D7E8F9012} = {8A6D4F2E-9C5B-4D3E-A7F1-2B8E9D4C6F3A}
		{B4C5D6E7-8F90-1234-5B6C-7D8E9F012345} = {8A6D4F2E-9C5B-4D3E-A7F1-2B8E9D4C6F3A}
		{C5D6E7F8-9012-3456-7890-1A2B3C4D5E6F} = {9B7E5F3D-0A8C-4E6B-B2D9-3F7A8E5C6D4B}
		{D6E7F890-1234-5678-9012-3A4B5C6D7E8F} = {9B7E5F3D-0A8C-4E6B-B2D9-3F7A8E5C6D4B}
		{E7F89012-3456-7890-1234-5A6B7C8D9E0F} = {9B7E5F3D-0A8C-4E6B-B2D9-3F7A8E5C6D4B}
		{F8901234-5678-9012-3456-7A8B9C0D1E2F} = {9B7E5F3D-0A8C-4E6B-B2D9-3F7A8E5C6D4B}
		{1AEA77BD-CDB3-419A-9869-41AF7EADAAEC} = {BE2CBA93-72C9-4952-83D5-B89F5A002B94}
		{2A3C4BE5-36E8-42BD-8532-E81A4DC5DCB4} = {1AEA77BD-CDB3-419A-9869-41AF7EADAAEC}
		{C7F4A0BE-1C7D-44F4-95AC-392FEEB15ACA} = {1AEA77BD-CDB3-419A-9869-41AF7EADAAEC}
		{437988CA-EDEF-4FA0-9C8B-282D86523D20} = {1AEA77BD-CDB3-419A-9869-41AF7EADAAEC}
		{9E9A02B1-BE61-4D67-AC4C-539E92152C93} = {1AEA77BD-CDB3-419A-9869-41AF7EADAAEC}
	EndGlobalSection
	GlobalSection(ExtensibilityGlobals) = postSolution
		SolutionGuid = {18F1979B-A815-4A51-B476-8D456C8D7B31}
	EndGlobalSection
EndGlobal
